
Microsoft Visual Studio Solution File, Format Version 12.00
# Visual Studio Version 17
VisualStudioVersion = 17.8.34330.188
MinimumVisualStudioVersion = 10.0.40219.1
Project("{8BC9CEB8-8B4A-11D0-8D11-00A0C91BC942}") = "TermProject", "TermProject\TermProject.vcxproj", "{CEEAE372-BE09-4B41-8AF8-A630503C614C}"
EndProject
Global
	GlobalSection(SolutionConfigurationPlatforms) = preSolution
		Debug|x64 = Debug|x64
		Debug|x86 = Debug|x86
		Release|x64 = Release|x64
		Release|x86 = Release|x86
	EndGlobalSection
	GlobalSection(ProjectConfigurationPlatforms) = postSolution
		{CEEAE372-BE09-4B41-8AF8-A630503C614C}.Debug|x64.ActiveCfg = Debug|x64
		{CEEAE372-BE09-4B41-8AF8-A630503C614C}.Debug|x64.Build.0 = Debug|x64
		{CEEAE372-BE09-4B41-8AF8-A630503C614C}.Debug|x86.ActiveCfg = Debug|Win32
		{CEEAE372-BE09-4B41-8AF8-A630503C614C}.Debug|x86.Build.0 = Debug|Win32
		{CEEAE372-BE09-4B41-8AF8-A630503C614C}.Release|x64.ActiveCfg = Release|x64
		{CEEAE372-BE09-4B41-8AF8-A630503C614C}.Release|x64.Build.0 = Release|x64
		{CEEAE372-BE09-4B41-8AF8-A630503C614C}.Release|x86.ActiveCfg = Release|Win32
		{CEEAE372-BE09-4B41-8AF8-A630503C614C}.Release|x86.Build.0 = Release|Win32
	EndGlobalSection
	GlobalSection(SolutionProperties) = preSolution
		HideSolutionNode = FALSE
	EndGlobalSection
	GlobalSection(ExtensibilityGlobals) = postSolution
		SolutionGuid = {DCBF6576-792B-4900-BCCD-FB5485DA47E1}
	EndGlobalSection
EndGlobal
